// !$*UTF8*$!
{
	archiveVersion = 1;
	classes = {
	};
	objectVersion = 56;
	objects = {

/* Begin PBXBuildFile section */
		781749B42C1D82F00095ADAF /* Notes.swift in Sources */ = {isa = PBXBuildFile; fileRef = 781749B32C1D82F00095ADAF /* Notes.swift */; };
		781749B82C1DB9950095ADAF /* MainViewRecipe.swift in Sources */ = {isa = PBXBuildFile; fileRef = 781749B72C1DB9950095ADAF /* MainViewRecipe.swift */; };
		7839C6E92C1C95B4001F7BB6 /* day05App.swift in Sources */ = {isa = PBXBuildFile; fileRef = 7839C6E82C1C95B4001F7BB6 /* day05App.swift */; };
		7839C6EB2C1C95B4001F7BB6 /* ContentView.swift in Sources */ = {isa = PBXBuildFile; fileRef = 7839C6EA2C1C95B4001F7BB6 /* ContentView.swift */; };
		7839C6ED2C1C95B6001F7BB6 /* Assets.xcassets in Resources */ = {isa = PBXBuildFile; fileRef = 7839C6EC2C1C95B6001F7BB6 /* Assets.xcassets */; };
		7839C6FB2C1C95B6001F7BB6 /* day05Tests.swift in Sources */ = {isa = PBXBuildFile; fileRef = 7839C6FA2C1C95B6001F7BB6 /* day05Tests.swift */; };
		7839C7052C1C95B6001F7BB6 /* day05UITests.swift in Sources */ = {isa = PBXBuildFile; fileRef = 7839C7042C1C95B6001F7BB6 /* day05UITests.swift */; };
		7839C7072C1C95B6001F7BB6 /* day05UITestsLaunchTests.swift in Sources */ = {isa = PBXBuildFile; fileRef = 7839C7062C1C95B6001F7BB6 /* day05UITestsLaunchTests.swift */; };
		7839C71C2C1CB27D001F7BB6 /* GetRecipeFromNetwork.swift in Sources */ = {isa = PBXBuildFile; fileRef = 7839C71B2C1CB27D001F7BB6 /* GetRecipeFromNetwork.swift */; };
/* End PBXBuildFile section */

/* Begin PBXContainerItemProxy section */
		7839C6F72C1C95B6001F7BB6 /* PBXContainerItemProxy */ = {
			isa = PBXContainerItemProxy;
			containerPortal = 7839C6DD2C1C95B4001F7BB6 /* Project object */;
			proxyType = 1;
			remoteGlobalIDString = 7839C6E42C1C95B4001F7BB6;
			remoteInfo = day05;
		};
		7839C7012C1C95B6001F7BB6 /* PBXContainerItemProxy */ = {
			isa = PBXContainerItemProxy;
			containerPortal = 7839C6DD2C1C95B4001F7BB6 /* Project object */;
			proxyType = 1;
			remoteGlobalIDString = 7839C6E42C1C95B4001F7BB6;
			remoteInfo = day05;
		};
/* End PBXContainerItemProxy section */

/* Begin PBXFileReference section */
		781749B32C1D82F00095ADAF /* Notes.swift */ = {isa = PBXFileReference; lastKnownFileType = sourcecode.swift; path = Notes.swift; sourceTree = "<group>"; };
		781749B72C1DB9950095ADAF /* MainViewRecipe.swift */ = {isa = PBXFileReference; lastKnownFileType = sourcecode.swift; path = MainViewRecipe.swift; sourceTree = "<group>"; };
		7839C6E52C1C95B4001F7BB6 /* day05.app */ = {isa = PBXFileReference; explicitFileType = wrapper.application; includeInIndex = 0; path = day05.app; sourceTree = BUILT_PRODUCTS_DIR; };
		7839C6E82C1C95B4001F7BB6 /* day05App.swift */ = {isa = PBXFileReference; lastKnownFileType = sourcecode.swift; path = day05App.swift; sourceTree = "<group>"; };
		7839C6EA2C1C95B4001F7BB6 /* ContentView.swift */ = {isa = PBXFileReference; lastKnownFileType = sourcecode.swift; path = ContentView.swift; sourceTree = "<group>"; };
		7839C6EC2C1C95B6001F7BB6 /* Assets.xcassets */ = {isa = PBXFileReference; lastKnownFileType = folder.assetcatalog; path = Assets.xcassets; sourceTree = "<group>"; };
		7839C6EE2C1C95B6001F7BB6 /* day05.entitlements */ = {isa = PBXFileReference; lastKnownFileType = text.plist.entitlements; path = day05.entitlements; sourceTree = "<group>"; };
		7839C6F62C1C95B6001F7BB6 /* day05Tests.xctest */ = {isa = PBXFileReference; explicitFileType = wrapper.cfbundle; includeInIndex = 0; path = day05Tests.xctest; sourceTree = BUILT_PRODUCTS_DIR; };
		7839C6FA2C1C95B6001F7BB6 /* day05Tests.swift */ = {isa = PBXFileReference; lastKnownFileType = sourcecode.swift; path = day05Tests.swift; sourceTree = "<group>"; };
		7839C7002C1C95B6001F7BB6 /* day05UITests.xctest */ = {isa = PBXFileReference; explicitFileType = wrapper.cfbundle; includeInIndex = 0; path = day05UITests.xctest; sourceTree = BUILT_PRODUCTS_DIR; };
		7839C7042C1C95B6001F7BB6 /* day05UITests.swift */ = {isa = PBXFileReference; lastKnownFileType = sourcecode.swift; path = day05UITests.swift; sourceTree = "<group>"; };
		7839C7062C1C95B6001F7BB6 /* day05UITestsLaunchTests.swift */ = {isa = PBXFileReference; lastKnownFileType = sourcecode.swift; path = day05UITestsLaunchTests.swift; sourceTree = "<group>"; };
		7839C71B2C1CB27D001F7BB6 /* GetRecipeFromNetwork.swift */ = {isa = PBXFileReference; lastKnownFileType = sourcecode.swift; path = GetRecipeFromNetwork.swift; sourceTree = "<group>"; };
/* End PBXFileReference section */

/* Begin PBXFrameworksBuildPhase section */
		7839C6E22C1C95B4001F7BB6 /* Frameworks */ = {
			isa = PBXFrameworksBuildPhase;
			buildActionMask = 2147483647;
			files = (
			);
			runOnlyForDeploymentPostprocessing = 0;
		};
		7839C6F32C1C95B6001F7BB6 /* Frameworks */ = {
			isa = PBXFrameworksBuildPhase;
			buildActionMask = 2147483647;
			files = (
			);
			runOnlyForDeploymentPostprocessing = 0;
		};
		7839C6FD2C1C95B6001F7BB6 /* Frameworks */ = {
			isa = PBXFrameworksBuildPhase;
			buildActionMask = 2147483647;
			files = (
			);
			runOnlyForDeploymentPostprocessing = 0;
		};
/* End PBXFrameworksBuildPhase section */

/* Begin PBXGroup section */
		7839C6DC2C1C95B4001F7BB6 = {
			isa = PBXGroup;
			children = (
				7839C6E72C1C95B4001F7BB6 /* day05 */,
				7839C6F92C1C95B6001F7BB6 /* day05Tests */,
				7839C7032C1C95B6001F7BB6 /* day05UITests */,
				7839C6E62C1C95B4001F7BB6 /* Products */,
			);
			sourceTree = "<group>";
		};
		7839C6E62C1C95B4001F7BB6 /* Products */ = {
			isa = PBXGroup;
			children = (
				7839C6E52C1C95B4001F7BB6 /* day05.app */,
				7839C6F62C1C95B6001F7BB6 /* day05Tests.xctest */,
				7839C7002C1C95B6001F7BB6 /* day05UITests.xctest */,
			);
			name = Products;
			sourceTree = "<group>";
		};
		7839C6E72C1C95B4001F7BB6 /* day05 */ = {
			isa = PBXGroup;
			children = (
				7839C6E82C1C95B4001F7BB6 /* day05App.swift */,
				7839C6EA2C1C95B4001F7BB6 /* ContentView.swift */,
				781749B72C1DB9950095ADAF /* MainViewRecipe.swift */,
				7839C6EC2C1C95B6001F7BB6 /* Assets.xcassets */,
				7839C6EE2C1C95B6001F7BB6 /* day05.entitlements */,
				7839C71B2C1CB27D001F7BB6 /* GetRecipeFromNetwork.swift */,
				781749B32C1D82F00095ADAF /* Notes.swift */,
			);
			path = day05;
			sourceTree = "<group>";
		};
		7839C6F92C1C95B6001F7BB6 /* day05Tests */ = {
			isa = PBXGroup;
			children = (
				7839C6FA2C1C95B6001F7BB6 /* day05Tests.swift */,
			);
			path = day05Tests;
			sourceTree = "<group>";
		};
		7839C7032C1C95B6001F7BB6 /* day05UITests */ = {
			isa = PBXGroup;
			children = (
				7839C7042C1C95B6001F7BB6 /* day05UITests.swift */,
				7839C7062C1C95B6001F7BB6 /* day05UITestsLaunchTests.swift */,
			);
			path = day05UITests;
			sourceTree = "<group>";
		};
/* End PBXGroup section */

/* Begin PBXNativeTarget section */
		7839C6E42C1C95B4001F7BB6 /* day05 */ = {
			isa = PBXNativeTarget;
			buildConfigurationList = 7839C70A2C1C95B6001F7BB6 /* Build configuration list for PBXNativeTarget "day05" */;
			buildPhases = (
				7839C6E12C1C95B4001F7BB6 /* Sources */,
				7839C6E22C1C95B4001F7BB6 /* Frameworks */,
				7839C6E32C1C95B4001F7BB6 /* Resources */,
			);
			buildRules = (
			);
			dependencies = (
			);
			name = day05;
			productName = day05;
			productReference = 7839C6E52C1C95B4001F7BB6 /* day05.app */;
			productType = "com.apple.product-type.application";
		};
		7839C6F52C1C95B6001F7BB6 /* day05Tests */ = {
			isa = PBXNativeTarget;
			buildConfigurationList = 7839C70D2C1C95B6001F7BB6 /* Build configuration list for PBXNativeTarget "day05Tests" */;
			buildPhases = (
				7839C6F22C1C95B6001F7BB6 /* Sources */,
				7839C6F32C1C95B6001F7BB6 /* Frameworks */,
				7839C6F42C1C95B6001F7BB6 /* Resources */,
			);
			buildRules = (
			);
			dependencies = (
				7839C6F82C1C95B6001F7BB6 /* PBXTargetDependency */,
			);
			name = day05Tests;
			productName = day05Tests;
			productReference = 7839C6F62C1C95B6001F7BB6 /* day05Tests.xctest */;
			productType = "com.apple.product-type.bundle.unit-test";
		};
		7839C6FF2C1C95B6001F7BB6 /* day05UITests */ = {
			isa = PBXNativeTarget;
			buildConfigurationList = 7839C7102C1C95B6001F7BB6 /* Build configuration list for PBXNativeTarget "day05UITests" */;
			buildPhases = (
				7839C6FC2C1C95B6001F7BB6 /* Sources */,
				7839C6FD2C1C95B6001F7BB6 /* Frameworks */,
				7839C6FE2C1C95B6001F7BB6 /* Resources */,
			);
			buildRules = (
			);
			dependencies = (
				7839C7022C1C95B6001F7BB6 /* PBXTargetDependency */,
			);
			name = day05UITests;
			productName = day05UITests;
			productReference = 7839C7002C1C95B6001F7BB6 /* day05UITests.xctest */;
			productType = "com.apple.product-type.bundle.ui-testing";
		};
/* End PBXNativeTarget section */

/* Begin PBXProject section */
		7839C6DD2C1C95B4001F7BB6 /* Project object */ = {
			isa = PBXProject;
			attributes = {
				BuildIndependentTargetsInParallel = 1;
				LastSwiftUpdateCheck = 1430;
				LastUpgradeCheck = 1430;
				TargetAttributes = {
					7839C6E42C1C95B4001F7BB6 = {
						CreatedOnToolsVersion = 14.3.1;
					};
					7839C6F52C1C95B6001F7BB6 = {
						CreatedOnToolsVersion = 14.3.1;
						TestTargetID = 7839C6E42C1C95B4001F7BB6;
					};
					7839C6FF2C1C95B6001F7BB6 = {
						CreatedOnToolsVersion = 14.3.1;
						TestTargetID = 7839C6E42C1C95B4001F7BB6;
					};
				};
			};
			buildConfigurationList = 7839C6E02C1C95B4001F7BB6 /* Build configuration list for PBXProject "day05" */;
			compatibilityVersion = "Xcode 14.0";
			developmentRegion = en;
			hasScannedForEncodings = 0;
			knownRegions = (
				en,
				Base,
			);
			mainGroup = 7839C6DC2C1C95B4001F7BB6;
			productRefGroup = 7839C6E62C1C95B4001F7BB6 /* Products */;
			projectDirPath = "";
			projectRoot = "";
			targets = (
				7839C6E42C1C95B4001F7BB6 /* day05 */,
				7839C6F52C1C95B6001F7BB6 /* day05Tests */,
				7839C6FF2C1C95B6001F7BB6 /* day05UITests */,
			);
		};
/* End PBXProject section */

/* Begin PBXResourcesBuildPhase section */
		7839C6E32C1C95B4001F7BB6 /* Resources */ = {
			isa = PBXResourcesBuildPhase;
			buildActionMask = 2147483647;
			files = (
				7839C6ED2C1C95B6001F7BB6 /* Assets.xcassets in Resources */,
			);
			runOnlyForDeploymentPostprocessing = 0;
		};
		7839C6F42C1C95B6001F7BB6 /* Resources */ = {
			isa = PBXResourcesBuildPhase;
			buildActionMask = 2147483647;
			files = (
			);
			runOnlyForDeploymentPostprocessing = 0;
		};
		7839C6FE2C1C95B6001F7BB6 /* Resources */ = {
			isa = PBXResourcesBuildPhase;
			buildActionMask = 2147483647;
			files = (
			);
			runOnlyForDeploymentPostprocessing = 0;
		};
/* End PBXResourcesBuildPhase section */

/* Begin PBXSourcesBuildPhase section */
		7839C6E12C1C95B4001F7BB6 /* Sources */ = {
			isa = PBXSourcesBuildPhase;
			buildActionMask = 2147483647;
			files = (
				7839C71C2C1CB27D001F7BB6 /* GetRecipeFromNetwork.swift in Sources */,
				781749B82C1DB9950095ADAF /* MainViewRecipe.swift in Sources */,
				7839C6EB2C1C95B4001F7BB6 /* ContentView.swift in Sources */,
				7839C6E92C1C95B4001F7BB6 /* day05App.swift in Sources */,
				781749B42C1D82F00095ADAF /* Notes.swift in Sources */,
			);
			runOnlyForDeploymentPostprocessing = 0;
		};
		7839C6F22C1C95B6001F7BB6 /* Sources */ = {
			isa = PBXSourcesBuildPhase;
			buildActionMask = 2147483647;
			files = (
				7839C6FB2C1C95B6001F7BB6 /* day05Tests.swift in Sources */,
			);
			runOnlyForDeploymentPostprocessing = 0;
		};
		7839C6FC2C1C95B6001F7BB6 /* Sources */ = {
			isa = PBXSourcesBuildPhase;
			buildActionMask = 2147483647;
			files = (
				7839C7072C1C95B6001F7BB6 /* day05UITestsLaunchTests.swift in Sources */,
				7839C7052C1C95B6001F7BB6 /* day05UITests.swift in Sources */,
			);
			runOnlyForDeploymentPostprocessing = 0;
		};
/* End PBXSourcesBuildPhase section */

/* Begin PBXTargetDependency section */
		7839C6F82C1C95B6001F7BB6 /* PBXTargetDependency */ = {
			isa = PBXTargetDependency;
			target = 7839C6E42C1C95B4001F7BB6 /* day05 */;
			targetProxy = 7839C6F72C1C95B6001F7BB6 /* PBXContainerItemProxy */;
		};
		7839C7022C1C95B6001F7BB6 /* PBXTargetDependency */ = {
			isa = PBXTargetDependency;
			target = 7839C6E42C1C95B4001F7BB6 /* day05 */;
			targetProxy = 7839C7012C1C95B6001F7BB6 /* PBXContainerItemProxy */;
		};
/* End PBXTargetDependency section */

/* Begin XCBuildConfiguration section */
		7839C7082C1C95B6001F7BB6 /* Debug */ = {
			isa = XCBuildConfiguration;
			buildSettings = {
				ALWAYS_SEARCH_USER_PATHS = NO;
				CLANG_ANALYZER_NONNULL = YES;
				CLANG_ANALYZER_NUMBER_OBJECT_CONVERSION = YES_AGGRESSIVE;
				CLANG_CXX_LANGUAGE_STANDARD = "gnu++20";
				CLANG_ENABLE_MODULES = YES;
				CLANG_ENABLE_OBJC_ARC = YES;
				CLANG_ENABLE_OBJC_WEAK = YES;
				CLANG_WARN_BLOCK_CAPTURE_AUTORELEASING = YES;
				CLANG_WARN_BOOL_CONVERSION = YES;
				CLANG_WARN_COMMA = YES;
				CLANG_WARN_CONSTANT_CONVERSION = YES;
				CLANG_WARN_DEPRECATED_OBJC_IMPLEMENTATIONS = YES;
				CLANG_WARN_DIRECT_OBJC_ISA_USAGE = YES_ERROR;
				CLANG_WARN_DOCUMENTATION_COMMENTS = YES;
				CLANG_WARN_EMPTY_BODY = YES;
				CLANG_WARN_ENUM_CONVERSION = YES;
				CLANG_WARN_INFINITE_RECURSION = YES;
				CLANG_WARN_INT_CONVERSION = YES;
				CLANG_WARN_NON_LITERAL_NULL_CONVERSION = YES;
				CLANG_WARN_OBJC_IMPLICIT_RETAIN_SELF = YES;
				CLANG_WARN_OBJC_LITERAL_CONVERSION = YES;
				CLANG_WARN_OBJC_ROOT_CLASS = YES_ERROR;
				CLANG_WARN_QUOTED_INCLUDE_IN_FRAMEWORK_HEADER = YES;
				CLANG_WARN_RANGE_LOOP_ANALYSIS = YES;
				CLANG_WARN_STRICT_PROTOTYPES = YES;
				CLANG_WARN_SUSPICIOUS_MOVE = YES;
				CLANG_WARN_UNGUARDED_AVAILABILITY = YES_AGGRESSIVE;
				CLANG_WARN_UNREACHABLE_CODE = YES;
				CLANG_WARN__DUPLICATE_METHOD_MATCH = YES;
				COPY_PHASE_STRIP = NO;
				DEBUG_INFORMATION_FORMAT = dwarf;
				ENABLE_STRICT_OBJC_MSGSEND = YES;
				ENABLE_TESTABILITY = YES;
				GCC_C_LANGUAGE_STANDARD = gnu11;
				GCC_DYNAMIC_NO_PIC = NO;
				GCC_NO_COMMON_BLOCKS = YES;
				GCC_OPTIMIZATION_LEVEL = 0;
				GCC_PREPROCESSOR_DEFINITIONS = (
					"DEBUG=1",
					"$(inherited)",
				);
				GCC_WARN_64_TO_32_BIT_CONVERSION = YES;
				GCC_WARN_ABOUT_RETURN_TYPE = YES_ERROR;
				GCC_WARN_UNDECLARED_SELECTOR = YES;
				GCC_WARN_UNINITIALIZED_AUTOS = YES_AGGRESSIVE;
				GCC_WARN_UNUSED_FUNCTION = YES;
				GCC_WARN_UNUSED_VARIABLE = YES;
				MTL_ENABLE_DEBUG_INFO = INCLUDE_SOURCE;
				MTL_FAST_MATH = YES;
				ONLY_ACTIVE_ARCH = YES;
				SWIFT_ACTIVE_COMPILATION_CONDITIONS = DEBUG;
				SWIFT_OPTIMIZATION_LEVEL = "-Onone";
			};
			name = Debug;
		};
		7839C7092C1C95B6001F7BB6 /* Release */ = {
			isa = XCBuildConfiguration;
			buildSettings = {
				ALWAYS_SEARCH_USER_PATHS = NO;
				CLANG_ANALYZER_NONNULL = YES;
				CLANG_ANALYZER_NUMBER_OBJECT_CONVERSION = YES_AGGRESSIVE;
				CLANG_CXX_LANGUAGE_STANDARD = "gnu++20";
				CLANG_ENABLE_MODULES = YES;
				CLANG_ENABLE_OBJC_ARC = YES;
				CLANG_ENABLE_OBJC_WEAK = YES;
				CLANG_WARN_BLOCK_CAPTURE_AUTORELEASING = YES;
				CLANG_WARN_BOOL_CONVERSION = YES;
				CLANG_WARN_COMMA = YES;
				CLANG_WARN_CONSTANT_CONVERSION = YES;
				CLANG_WARN_DEPRECATED_OBJC_IMPLEMENTATIONS = YES;
				CLANG_WARN_DIRECT_OBJC_ISA_USAGE = YES_ERROR;
				CLANG_WARN_DOCUMENTATION_COMMENTS = YES;
				CLANG_WARN_EMPTY_BODY = YES;
				CLANG_WARN_ENUM_CONVERSION = YES;
				CLANG_WARN_INFINITE_RECURSION = YES;
				CLANG_WARN_INT_CONVERSION = YES;
				CLANG_WARN_NON_LITERAL_NULL_CONVERSION = YES;
				CLANG_WARN_OBJC_IMPLICIT_RETAIN_SELF = YES;
				CLANG_WARN_OBJC_LITERAL_CONVERSION = YES;
				CLANG_WARN_OBJC_ROOT_CLASS = YES_ERROR;
				CLANG_WARN_QUOTED_INCLUDE_IN_FRAMEWORK_HEADER = YES;
				CLANG_WARN_RANGE_LOOP_ANALYSIS = YES;
				CLANG_WARN_STRICT_PROTOTYPES = YES;
				CLANG_WARN_SUSPICIOUS_MOVE = YES;
				CLANG_WARN_UNGUARDED_AVAILABILITY = YES_AGGRESSIVE;
				CLANG_WARN_UNREACHABLE_CODE = YES;
				CLANG_WARN__DUPLICATE_METHOD_MATCH = YES;
				COPY_PHASE_STRIP = NO;
				DEBUG_INFORMATION_FORMAT = "dwarf-with-dsym";
				ENABLE_NS_ASSERTIONS = NO;
				ENABLE_STRICT_OBJC_MSGSEND = YES;
				GCC_C_LANGUAGE_STANDARD = gnu11;
				GCC_NO_COMMON_BLOCKS = YES;
				GCC_WARN_64_TO_32_BIT_CONVERSION = YES;
				GCC_WARN_ABOUT_RETURN_TYPE = YES_ERROR;
				GCC_WARN_UNDECLARED_SELECTOR = YES;
				GCC_WARN_UNINITIALIZED_AUTOS = YES_AGGRESSIVE;
				GCC_WARN_UNUSED_FUNCTION = YES;
				GCC_WARN_UNUSED_VARIABLE = YES;
				MTL_ENABLE_DEBUG_INFO = NO;
				MTL_FAST_MATH = YES;
				SWIFT_COMPILATION_MODE = wholemodule;
				SWIFT_OPTIMIZATION_LEVEL = "-O";
			};
			name = Release;
		};
		7839C70B2C1C95B6001F7BB6 /* Debug */ = {
			isa = XCBuildConfiguration;
			buildSettings = {
				ASSETCATALOG_COMPILER_APPICON_NAME = AppIcon;
				ASSETCATALOG_COMPILER_GLOBAL_ACCENT_COLOR_NAME = AccentColor;
				CODE_SIGN_ENTITLEMENTS = day05/day05.entitlements;
				CODE_SIGN_STYLE = Automatic;
				CURRENT_PROJECT_VERSION = 1;
				DEVELOPMENT_ASSET_PATHS = "\"day05/Preview Content\"";
				ENABLE_PREVIEWS = YES;
				GENERATE_INFOPLIST_FILE = YES;
				"INFOPLIST_KEY_UIApplicationSceneManifest_Generation[sdk=iphoneos*]" = YES;
				"INFOPLIST_KEY_UIApplicationSceneManifest_Generation[sdk=iphonesimulator*]" = YES;
				"INFOPLIST_KEY_UIApplicationSupportsIndirectInputEvents[sdk=iphoneos*]" = YES;
				"INFOPLIST_KEY_UIApplicationSupportsIndirectInputEvents[sdk=iphonesimulator*]" = YES;
				"INFOPLIST_KEY_UILaunchScreen_Generation[sdk=iphoneos*]" = YES;
				"INFOPLIST_KEY_UILaunchScreen_Generation[sdk=iphonesimulator*]" = YES;
				"INFOPLIST_KEY_UIStatusBarStyle[sdk=iphoneos*]" = UIStatusBarStyleDefault;
				"INFOPLIST_KEY_UIStatusBarStyle[sdk=iphonesimulator*]" = UIStatusBarStyleDefault;
				INFOPLIST_KEY_UISupportedInterfaceOrientations_iPad = "UIInterfaceOrientationPortrait UIInterfaceOrientationPortraitUpsideDown UIInterfaceOrientationLandscapeLeft UIInterfaceOrientationLandscapeRight";
				INFOPLIST_KEY_UISupportedInterfaceOrientations_iPhone = "UIInterfaceOrientationPortrait UIInterfaceOrientationLandscapeLeft UIInterfaceOrientationLandscapeRight";
				IPHONEOS_DEPLOYMENT_TARGET = 16.4;
				LD_RUNPATH_SEARCH_PATHS = "@executable_path/Frameworks";
				"LD_RUNPATH_SEARCH_PATHS[sdk=macosx*]" = "@executable_path/../Frameworks";
				MACOSX_DEPLOYMENT_TARGET = 13.3;
				MARKETING_VERSION = 1.0;
				PRODUCT_BUNDLE_IDENTIFIER = s21.day05;
				PRODUCT_NAME = "$(TARGET_NAME)";
				SDKROOT = auto;
				SUPPORTED_PLATFORMS = "iphoneos iphonesimulator macosx";
				SWIFT_EMIT_LOC_STRINGS = YES;
				SWIFT_VERSION = 5.0;
				TARGETED_DEVICE_FAMILY = "1,2";
			};
			name = Debug;
		};
		7839C70C2C1C95B6001F7BB6 /* Release */ = {
			isa = XCBuildConfiguration;
			buildSettings = {
				ASSETCATALOG_COMPILER_APPICON_NAME = AppIcon;
				ASSETCATALOG_COMPILER_GLOBAL_ACCENT_COLOR_NAME = AccentColor;
				CODE_SIGN_ENTITLEMENTS = day05/day05.entitlements;
				CODE_SIGN_STYLE = Automatic;
				CURRENT_PROJECT_VERSION = 1;
				DEVELOPMENT_ASSET_PATHS = "\"day05/Preview Content\"";
				ENABLE_PREVIEWS = YES;
				GENERATE_INFOPLIST_FILE = YES;
				"INFOPLIST_KEY_UIApplicationSceneManifest_Generation[sdk=iphoneos*]" = YES;
				"INFOPLIST_KEY_UIApplicationSceneManifest_Generation[sdk=iphonesimulator*]" = YES;
				"INFOPLIST_KEY_UIApplicationSupportsIndirectInputEvents[sdk=iphoneos*]" = YES;
				"INFOPLIST_KEY_UIApplicationSupportsIndirectInputEvents[sdk=iphonesimulator*]" = YES;
				"INFOPLIST_KEY_UILaunchScreen_Generation[sdk=iphoneos*]" = YES;
				"INFOPLIST_KEY_UILaunchScreen_Generation[sdk=iphonesimulator*]" = YES;
				"INFOPLIST_KEY_UIStatusBarStyle[sdk=iphoneos*]" = UIStatusBarStyleDefault;
				"INFOPLIST_KEY_UIStatusBarStyle[sdk=iphonesimulator*]" = UIStatusBarStyleDefault;
				INFOPLIST_KEY_UISupportedInterfaceOrientations_iPad = "UIInterfaceOrientationPortrait UIInterfaceOrientationPortraitUpsideDown UIInterfaceOrientationLandscapeLeft UIInterfaceOrientationLandscapeRight";
				INFOPLIST_KEY_UISupportedInterfaceOrientations_iPhone = "UIInterfaceOrientationPortrait UIInterfaceOrientationLandscapeLeft UIInterfaceOrientationLandscapeRight";
				IPHONEOS_DEPLOYMENT_TARGET = 16.4;
				LD_RUNPATH_SEARCH_PATHS = "@executable_path/Frameworks";
				"LD_RUNPATH_SEARCH_PATHS[sdk=macosx*]" = "@executable_path/../Frameworks";
				MACOSX_DEPLOYMENT_TARGET = 13.3;
				MARKETING_VERSION = 1.0;
				PRODUCT_BUNDLE_IDENTIFIER = s21.day05;
				PRODUCT_NAME = "$(TARGET_NAME)";
				SDKROOT = auto;
				SUPPORTED_PLATFORMS = "iphoneos iphonesimulator macosx";
				SWIFT_EMIT_LOC_STRINGS = YES;
				SWIFT_VERSION = 5.0;
				TARGETED_DEVICE_FAMILY = "1,2";
			};
			name = Release;
		};
		7839C70E2C1C95B6001F7BB6 /* Debug */ = {
			isa = XCBuildConfiguration;
			buildSettings = {
				ALWAYS_EMBED_SWIFT_STANDARD_LIBRARIES = YES;
				BUNDLE_LOADER = "$(TEST_HOST)";
				CODE_SIGN_STYLE = Automatic;
				CURRENT_PROJECT_VERSION = 1;
				GENERATE_INFOPLIST_FILE = YES;
				IPHONEOS_DEPLOYMENT_TARGET = 16.4;
				MACOSX_DEPLOYMENT_TARGET = 13.3;
				MARKETING_VERSION = 1.0;
				PRODUCT_BUNDLE_IDENTIFIER = s21.day05Tests;
				PRODUCT_NAME = "$(TARGET_NAME)";
				SDKROOT = auto;
				SUPPORTED_PLATFORMS = "iphoneos iphonesimulator macosx";
				SWIFT_EMIT_LOC_STRINGS = NO;
				SWIFT_VERSION = 5.0;
				TARGETED_DEVICE_FAMILY = "1,2";
				TEST_HOST = "$(BUILT_PRODUCTS_DIR)/day05.app/$(BUNDLE_EXECUTABLE_FOLDER_PATH)/day05";
			};
			name = Debug;
		};
		7839C70F2C1C95B6001F7BB6 /* Release */ = {
			isa = XCBuildConfiguration;
			buildSettings = {
				ALWAYS_EMBED_SWIFT_STANDARD_LIBRARIES = YES;
				BUNDLE_LOADER = "$(TEST_HOST)";
				CODE_SIGN_STYLE = Automatic;
				CURRENT_PROJECT_VERSION = 1;
				GENERATE_INFOPLIST_FILE = YES;
				IPHONEOS_DEPLOYMENT_TARGET = 16.4;
				MACOSX_DEPLOYMENT_TARGET = 13.3;
				MARKETING_VERSION = 1.0;
				PRODUCT_BUNDLE_IDENTIFIER = s21.day05Tests;
				PRODUCT_NAME = "$(TARGET_NAME)";
				SDKROOT = auto;
				SUPPORTED_PLATFORMS = "iphoneos iphonesimulator macosx";
				SWIFT_EMIT_LOC_STRINGS = NO;
				SWIFT_VERSION = 5.0;
				TARGETED_DEVICE_FAMILY = "1,2";
				TEST_HOST = "$(BUILT_PRODUCTS_DIR)/day05.app/$(BUNDLE_EXECUTABLE_FOLDER_PATH)/day05";
			};
			name = Release;
		};
		7839C7112C1C95B6001F7BB6 /* Debug */ = {
			isa = XCBuildConfiguration;
			buildSettings = {
				ALWAYS_EMBED_SWIFT_STANDARD_LIBRARIES = YES;
				CODE_SIGN_STYLE = Automatic;
				CURRENT_PROJECT_VERSION = 1;
				GENERATE_INFOPLIST_FILE = YES;
				IPHONEOS_DEPLOYMENT_TARGET = 16.4;
				MACOSX_DEPLOYMENT_TARGET = 13.3;
				MARKETING_VERSION = 1.0;
				PRODUCT_BUNDLE_IDENTIFIER = s21.day05UITests;
				PRODUCT_NAME = "$(TARGET_NAME)";
				SDKROOT = auto;
				SUPPORTED_PLATFORMS = "iphoneos iphonesimulator macosx";
				SWIFT_EMIT_LOC_STRINGS = NO;
				SWIFT_VERSION = 5.0;
				TARGETED_DEVICE_FAMILY = "1,2";
				TEST_TARGET_NAME = day05;
			};
			name = Debug;
		};
		7839C7122C1C95B6001F7BB6 /* Release */ = {
			isa = XCBuildConfiguration;
			buildSettings = {
				ALWAYS_EMBED_SWIFT_STANDARD_LIBRARIES = YES;
				CODE_SIGN_STYLE = Automatic;
				CURRENT_PROJECT_VERSION = 1;
				GENERATE_INFOPLIST_FILE = YES;
				IPHONEOS_DEPLOYMENT_TARGET = 16.4;
				MACOSX_DEPLOYMENT_TARGET = 13.3;
				MARKETING_VERSION = 1.0;
				PRODUCT_BUNDLE_IDENTIFIER = s21.day05UITests;
				PRODUCT_NAME = "$(TARGET_NAME)";
				SDKROOT = auto;
				SUPPORTED_PLATFORMS = "iphoneos iphonesimulator macosx";
				SWIFT_EMIT_LOC_STRINGS = NO;
				SWIFT_VERSION = 5.0;
				TARGETED_DEVICE_FAMILY = "1,2";
				TEST_TARGET_NAME = day05;
			};
			name = Release;
		};
/* End XCBuildConfiguration section */

/* Begin XCConfigurationList section */
		7839C6E02C1C95B4001F7BB6 /* Build configuration list for PBXProject "day05" */ = {
			isa = XCConfigurationList;
			buildConfigurations = (
				7839C7082C1C95B6001F7BB6 /* Debug */,
				7839C7092C1C95B6001F7BB6 /* Release */,
			);
			defaultConfigurationIsVisible = 0;
			defaultConfigurationName = Release;
		};
		7839C70A2C1C95B6001F7BB6 /* Build configuration list for PBXNativeTarget "day05" */ = {
			isa = XCConfigurationList;
			buildConfigurations = (
				7839C70B2C1C95B6001F7BB6 /* Debug */,
				7839C70C2C1C95B6001F7BB6 /* Release */,
			);
			defaultConfigurationIsVisible = 0;
			defaultConfigurationName = Release;
		};
		7839C70D2C1C95B6001F7BB6 /* Build configuration list for PBXNativeTarget "day05Tests" */ = {
			isa = XCConfigurationList;
			buildConfigurations = (
				7839C70E2C1C95B6001F7BB6 /* Debug */,
				7839C70F2C1C95B6001F7BB6 /* Release */,
			);
			defaultConfigurationIsVisible = 0;
			defaultConfigurationName = Release;
		};
		7839C7102C1C95B6001F7BB6 /* Build configuration list for PBXNativeTarget "day05UITests" */ = {
			isa = XCConfigurationList;
			buildConfigurations = (
				7839C7112C1C95B6001F7BB6 /* Debug */,
				7839C7122C1C95B6001F7BB6 /* Release */,
			);
			defaultConfigurationIsVisible = 0;
			defaultConfigurationName = Release;
		};
/* End XCConfigurationList section */
	};
	rootObject = 7839C6DD2C1C95B4001F7BB6 /* Project object */;
}
